// !$*UTF8*$!
{
	archiveVersion = 1;
	classes = {
	};
	objectVersion = 48;
	objects = {

/* Begin PBXBuildFile section */
		2215E6C12010B64F00AC43E9 /* UserAirData+CoreDataProperties.swift in Sources */ = {isa = PBXBuildFile; fileRef = 2215E6C02010B64F00AC43E9 /* UserAirData+CoreDataProperties.swift */; };
		2215E6C32010B65200AC43E9 /* UserAirData+CoreDataClass.swift in Sources */ = {isa = PBXBuildFile; fileRef = 2215E6C22010B65200AC43E9 /* UserAirData+CoreDataClass.swift */; };
		2234A7FF1FE7D58E00730412 /* PollutionDetailViewController.swift in Sources */ = {isa = PBXBuildFile; fileRef = 2234A7FE1FE7D58E00730412 /* PollutionDetailViewController.swift */; };
		223F8BE61FE2743800752BF2 /* Departure.swift in Sources */ = {isa = PBXBuildFile; fileRef = 223F8BE51FE2743800752BF2 /* Departure.swift */; };
		223F8BE81FE27FB400752BF2 /* DeparturesViewController.swift in Sources */ = {isa = PBXBuildFile; fileRef = 223F8BE71FE27FB400752BF2 /* DeparturesViewController.swift */; };
		223F8BEB1FE2816800752BF2 /* StationAnnotation.swift in Sources */ = {isa = PBXBuildFile; fileRef = 223F8BEA1FE2816800752BF2 /* StationAnnotation.swift */; };
		223F8BED1FE2939600752BF2 /* DepartureTableViewCell.swift in Sources */ = {isa = PBXBuildFile; fileRef = 223F8BEC1FE2939600752BF2 /* DepartureTableViewCell.swift */; };
		224378CF1FDAC59C00F8C708 /* AppDelegate.swift in Sources */ = {isa = PBXBuildFile; fileRef = 224378CE1FDAC59C00F8C708 /* AppDelegate.swift */; };
		224378D11FDAC59C00F8C708 /* ViewController.swift in Sources */ = {isa = PBXBuildFile; fileRef = 224378D01FDAC59C00F8C708 /* ViewController.swift */; };
		224378D41FDAC59C00F8C708 /* Main.storyboard in Resources */ = {isa = PBXBuildFile; fileRef = 224378D21FDAC59C00F8C708 /* Main.storyboard */; };
		224378D61FDAC59C00F8C708 /* Assets.xcassets in Resources */ = {isa = PBXBuildFile; fileRef = 224378D51FDAC59C00F8C708 /* Assets.xcassets */; };
		224378D91FDAC59C00F8C708 /* LaunchScreen.storyboard in Resources */ = {isa = PBXBuildFile; fileRef = 224378D71FDAC59C00F8C708 /* LaunchScreen.storyboard */; };
		224378E41FDAC59C00F8C708 /* AirPollutionTests.swift in Sources */ = {isa = PBXBuildFile; fileRef = 224378E31FDAC59C00F8C708 /* AirPollutionTests.swift */; };
		224378EF1FDAC59C00F8C708 /* AirPollutionUITests.swift in Sources */ = {isa = PBXBuildFile; fileRef = 224378EE1FDAC59C00F8C708 /* AirPollutionUITests.swift */; };
		227F04AF2010A46A007D58E1 /* Model.xcdatamodeld in Sources */ = {isa = PBXBuildFile; fileRef = 227F04AD2010A46A007D58E1 /* Model.xcdatamodeld */; };
		227F04B22010B34F007D58E1 /* CoreDataStack.swift in Sources */ = {isa = PBXBuildFile; fileRef = 227F04B12010B34F007D58E1 /* CoreDataStack.swift */; };
		228740391FE13E7100D7B0EA /* VVSClient.swift in Sources */ = {isa = PBXBuildFile; fileRef = 228740381FE13E7100D7B0EA /* VVSClient.swift */; };
		2287403B1FE13EBF00D7B0EA /* Station.swift in Sources */ = {isa = PBXBuildFile; fileRef = 2287403A1FE13EBF00D7B0EA /* Station.swift */; };
		228740411FE1641900D7B0EA /* station_location_data.txt in Resources */ = {isa = PBXBuildFile; fileRef = 228740401FE1641900D7B0EA /* station_location_data.txt */; };
		22B876351FE03C4E00AFE4DD /* AirDataAnnotation.swift in Sources */ = {isa = PBXBuildFile; fileRef = 22B876341FE03C4E00AFE4DD /* AirDataAnnotation.swift */; };
		22B876371FE03C8200AFE4DD /* AirDataAnnotationView.swift in Sources */ = {isa = PBXBuildFile; fileRef = 22B876361FE03C8200AFE4DD /* AirDataAnnotationView.swift */; };
		22C3B77E1FDACAB200FE9919 /* AirDataClient.swift in Sources */ = {isa = PBXBuildFile; fileRef = 22C3B77D1FDACAB200FE9919 /* AirDataClient.swift */; };
		22C3B7811FDAD2EE00FE9919 /* SensorData.swift in Sources */ = {isa = PBXBuildFile; fileRef = 22C3B7801FDAD2EE00FE9919 /* SensorData.swift */; };
		22C3B7831FDAD34200FE9919 /* AirData.swift in Sources */ = {isa = PBXBuildFile; fileRef = 22C3B7821FDAD34200FE9919 /* AirData.swift */; };
		9599C672AEFF5FA447153801 /* Pods_AirPollutionUITests.framework in Frameworks */ = {isa = PBXBuildFile; fileRef = 7909568D3B9EE577ABB997D7 /* Pods_AirPollutionUITests.framework */; };
		D7A5B8D955E453C39FD85B32 /* Pods_AirPollution.framework in Frameworks */ = {isa = PBXBuildFile; fileRef = E7FBE8340CB5213130E65EEB /* Pods_AirPollution.framework */; };
		DE05609EFEE2A819486E12DF /* Pods_AirPollutionTests.framework in Frameworks */ = {isa = PBXBuildFile; fileRef = B07FDB5A04A4AB16953BC4F4 /* Pods_AirPollutionTests.framework */; };
/* End PBXBuildFile section */

/* Begin PBXContainerItemProxy section */
		224378E01FDAC59C00F8C708 /* PBXContainerItemProxy */ = {
			isa = PBXContainerItemProxy;
			containerPortal = 224378C31FDAC59C00F8C708 /* Project object */;
			proxyType = 1;
			remoteGlobalIDString = 224378CA1FDAC59C00F8C708;
			remoteInfo = AirPollution;
		};
		224378EB1FDAC59C00F8C708 /* PBXContainerItemProxy */ = {
			isa = PBXContainerItemProxy;
			containerPortal = 224378C31FDAC59C00F8C708 /* Project object */;
			proxyType = 1;
			remoteGlobalIDString = 224378CA1FDAC59C00F8C708;
			remoteInfo = AirPollution;
		};
/* End PBXContainerItemProxy section */

/* Begin PBXFileReference section */
		2215E6C02010B64F00AC43E9 /* UserAirData+CoreDataProperties.swift */ = {isa = PBXFileReference; lastKnownFileType = sourcecode.swift; name = "UserAirData+CoreDataProperties.swift"; path = "/Users/gokturkramazanoglu/AirPollution/AirPollution/Model/Persistence/UserAirData+CoreDataProperties.swift"; sourceTree = "<absolute>"; };
		2215E6C22010B65200AC43E9 /* UserAirData+CoreDataClass.swift */ = {isa = PBXFileReference; lastKnownFileType = sourcecode.swift; name = "UserAirData+CoreDataClass.swift"; path = "/Users/gokturkramazanoglu/AirPollution/AirPollution/Model/Persistence/UserAirData+CoreDataClass.swift"; sourceTree = "<absolute>"; };
		2234A7FE1FE7D58E00730412 /* PollutionDetailViewController.swift */ = {isa = PBXFileReference; lastKnownFileType = sourcecode.swift; path = PollutionDetailViewController.swift; sourceTree = "<group>"; };
		223F8BE51FE2743800752BF2 /* Departure.swift */ = {isa = PBXFileReference; lastKnownFileType = sourcecode.swift; path = Departure.swift; sourceTree = "<group>"; };
		223F8BE71FE27FB400752BF2 /* DeparturesViewController.swift */ = {isa = PBXFileReference; lastKnownFileType = sourcecode.swift; path = DeparturesViewController.swift; sourceTree = "<group>"; };
		223F8BEA1FE2816800752BF2 /* StationAnnotation.swift */ = {isa = PBXFileReference; lastKnownFileType = sourcecode.swift; path = StationAnnotation.swift; sourceTree = "<group>"; };
		223F8BEC1FE2939600752BF2 /* DepartureTableViewCell.swift */ = {isa = PBXFileReference; lastKnownFileType = sourcecode.swift; path = DepartureTableViewCell.swift; sourceTree = "<group>"; };
		224378CB1FDAC59C00F8C708 /* AirPollution.app */ = {isa = PBXFileReference; explicitFileType = wrapper.application; includeInIndex = 0; path = AirPollution.app; sourceTree = BUILT_PRODUCTS_DIR; };
		224378CE1FDAC59C00F8C708 /* AppDelegate.swift */ = {isa = PBXFileReference; lastKnownFileType = sourcecode.swift; path = AppDelegate.swift; sourceTree = "<group>"; };
		224378D01FDAC59C00F8C708 /* ViewController.swift */ = {isa = PBXFileReference; lastKnownFileType = sourcecode.swift; path = ViewController.swift; sourceTree = "<group>"; };
		224378D31FDAC59C00F8C708 /* Base */ = {isa = PBXFileReference; lastKnownFileType = file.storyboard; name = Base; path = Base.lproj/Main.storyboard; sourceTree = "<group>"; };
		224378D51FDAC59C00F8C708 /* Assets.xcassets */ = {isa = PBXFileReference; lastKnownFileType = folder.assetcatalog; path = Assets.xcassets; sourceTree = "<group>"; };
		224378D81FDAC59C00F8C708 /* Base */ = {isa = PBXFileReference; lastKnownFileType = file.storyboard; name = Base; path = Base.lproj/LaunchScreen.storyboard; sourceTree = "<group>"; };
		224378DA1FDAC59C00F8C708 /* Info.plist */ = {isa = PBXFileReference; lastKnownFileType = text.plist.xml; path = Info.plist; sourceTree = "<group>"; };
		224378DF1FDAC59C00F8C708 /* AirPollutionTests.xctest */ = {isa = PBXFileReference; explicitFileType = wrapper.cfbundle; includeInIndex = 0; path = AirPollutionTests.xctest; sourceTree = BUILT_PRODUCTS_DIR; };
		224378E31FDAC59C00F8C708 /* AirPollutionTests.swift */ = {isa = PBXFileReference; lastKnownFileType = sourcecode.swift; path = AirPollutionTests.swift; sourceTree = "<group>"; };
		224378E51FDAC59C00F8C708 /* Info.plist */ = {isa = PBXFileReference; lastKnownFileType = text.plist.xml; path = Info.plist; sourceTree = "<group>"; };
		224378EA1FDAC59C00F8C708 /* AirPollutionUITests.xctest */ = {isa = PBXFileReference; explicitFileType = wrapper.cfbundle; includeInIndex = 0; path = AirPollutionUITests.xctest; sourceTree = BUILT_PRODUCTS_DIR; };
		224378EE1FDAC59C00F8C708 /* AirPollutionUITests.swift */ = {isa = PBXFileReference; lastKnownFileType = sourcecode.swift; path = AirPollutionUITests.swift; sourceTree = "<group>"; };
		224378F01FDAC59C00F8C708 /* Info.plist */ = {isa = PBXFileReference; lastKnownFileType = text.plist.xml; path = Info.plist; sourceTree = "<group>"; };
		227F04AE2010A46A007D58E1 /* Model.xcdatamodel */ = {isa = PBXFileReference; lastKnownFileType = wrapper.xcdatamodel; path = Model.xcdatamodel; sourceTree = "<group>"; };
		227F04B12010B34F007D58E1 /* CoreDataStack.swift */ = {isa = PBXFileReference; lastKnownFileType = sourcecode.swift; path = CoreDataStack.swift; sourceTree = "<group>"; };
		228740381FE13E7100D7B0EA /* VVSClient.swift */ = {isa = PBXFileReference; lastKnownFileType = sourcecode.swift; path = VVSClient.swift; sourceTree = "<group>"; };
		2287403A1FE13EBF00D7B0EA /* Station.swift */ = {isa = PBXFileReference; lastKnownFileType = sourcecode.swift; path = Station.swift; sourceTree = "<group>"; };
		228740401FE1641900D7B0EA /* station_location_data.txt */ = {isa = PBXFileReference; lastKnownFileType = text; path = station_location_data.txt; sourceTree = "<group>"; };
		22B876341FE03C4E00AFE4DD /* AirDataAnnotation.swift */ = {isa = PBXFileReference; lastKnownFileType = sourcecode.swift; path = AirDataAnnotation.swift; sourceTree = "<group>"; };
		22B876361FE03C8200AFE4DD /* AirDataAnnotationView.swift */ = {isa = PBXFileReference; lastKnownFileType = sourcecode.swift; path = AirDataAnnotationView.swift; sourceTree = "<group>"; };
		22C3B77D1FDACAB200FE9919 /* AirDataClient.swift */ = {isa = PBXFileReference; lastKnownFileType = sourcecode.swift; path = AirDataClient.swift; sourceTree = "<group>"; };
		22C3B7801FDAD2EE00FE9919 /* SensorData.swift */ = {isa = PBXFileReference; lastKnownFileType = sourcecode.swift; path = SensorData.swift; sourceTree = "<group>"; };
		22C3B7821FDAD34200FE9919 /* AirData.swift */ = {isa = PBXFileReference; lastKnownFileType = sourcecode.swift; path = AirData.swift; sourceTree = "<group>"; };
		33B825CE9650064C77611146 /* Pods-AirPollutionTests.debug.xcconfig */ = {isa = PBXFileReference; includeInIndex = 1; lastKnownFileType = text.xcconfig; name = "Pods-AirPollutionTests.debug.xcconfig"; path = "Pods/Target Support Files/Pods-AirPollutionTests/Pods-AirPollutionTests.debug.xcconfig"; sourceTree = "<group>"; };
		546A030E3E755D02309C6941 /* Pods-AirPollution.release.xcconfig */ = {isa = PBXFileReference; includeInIndex = 1; lastKnownFileType = text.xcconfig; name = "Pods-AirPollution.release.xcconfig"; path = "Pods/Target Support Files/Pods-AirPollution/Pods-AirPollution.release.xcconfig"; sourceTree = "<group>"; };
		7909568D3B9EE577ABB997D7 /* Pods_AirPollutionUITests.framework */ = {isa = PBXFileReference; explicitFileType = wrapper.framework; includeInIndex = 0; path = Pods_AirPollutionUITests.framework; sourceTree = BUILT_PRODUCTS_DIR; };
		7BD2CDE66E06F0792077ECC9 /* Pods-AirPollutionUITests.release.xcconfig */ = {isa = PBXFileReference; includeInIndex = 1; lastKnownFileType = text.xcconfig; name = "Pods-AirPollutionUITests.release.xcconfig"; path = "Pods/Target Support Files/Pods-AirPollutionUITests/Pods-AirPollutionUITests.release.xcconfig"; sourceTree = "<group>"; };
		B07FDB5A04A4AB16953BC4F4 /* Pods_AirPollutionTests.framework */ = {isa = PBXFileReference; explicitFileType = wrapper.framework; includeInIndex = 0; path = Pods_AirPollutionTests.framework; sourceTree = BUILT_PRODUCTS_DIR; };
		B18E216B77E5D32C5C793BBF /* Pods-AirPollutionUITests.debug.xcconfig */ = {isa = PBXFileReference; includeInIndex = 1; lastKnownFileType = text.xcconfig; name = "Pods-AirPollutionUITests.debug.xcconfig"; path = "Pods/Target Support Files/Pods-AirPollutionUITests/Pods-AirPollutionUITests.debug.xcconfig"; sourceTree = "<group>"; };
		DFAF28625059477432A7A794 /* Pods-AirPollutionTests.release.xcconfig */ = {isa = PBXFileReference; includeInIndex = 1; lastKnownFileType = text.xcconfig; name = "Pods-AirPollutionTests.release.xcconfig"; path = "Pods/Target Support Files/Pods-AirPollutionTests/Pods-AirPollutionTests.release.xcconfig"; sourceTree = "<group>"; };
		E7FBE8340CB5213130E65EEB /* Pods_AirPollution.framework */ = {isa = PBXFileReference; explicitFileType = wrapper.framework; includeInIndex = 0; path = Pods_AirPollution.framework; sourceTree = BUILT_PRODUCTS_DIR; };
		F0402023F52E45DDD523AF9D /* Pods-AirPollution.debug.xcconfig */ = {isa = PBXFileReference; includeInIndex = 1; lastKnownFileType = text.xcconfig; name = "Pods-AirPollution.debug.xcconfig"; path = "Pods/Target Support Files/Pods-AirPollution/Pods-AirPollution.debug.xcconfig"; sourceTree = "<group>"; };
/* End PBXFileReference section */

/* Begin PBXFrameworksBuildPhase section */
		224378C81FDAC59C00F8C708 /* Frameworks */ = {
			isa = PBXFrameworksBuildPhase;
			buildActionMask = 2147483647;
			files = (
				D7A5B8D955E453C39FD85B32 /* Pods_AirPollution.framework in Frameworks */,
			);
			runOnlyForDeploymentPostprocessing = 0;
		};
		224378DC1FDAC59C00F8C708 /* Frameworks */ = {
			isa = PBXFrameworksBuildPhase;
			buildActionMask = 2147483647;
			files = (
				DE05609EFEE2A819486E12DF /* Pods_AirPollutionTests.framework in Frameworks */,
			);
			runOnlyForDeploymentPostprocessing = 0;
		};
		224378E71FDAC59C00F8C708 /* Frameworks */ = {
			isa = PBXFrameworksBuildPhase;
			buildActionMask = 2147483647;
			files = (
				9599C672AEFF5FA447153801 /* Pods_AirPollutionUITests.framework in Frameworks */,
			);
			runOnlyForDeploymentPostprocessing = 0;
		};
/* End PBXFrameworksBuildPhase section */

/* Begin PBXGroup section */
		223F8BE91FE2812B00752BF2 /* Annotation */ = {
			isa = PBXGroup;
			children = (
				22B876341FE03C4E00AFE4DD /* AirDataAnnotation.swift */,
				223F8BEA1FE2816800752BF2 /* StationAnnotation.swift */,
			);
			path = Annotation;
			sourceTree = "<group>";
		};
		224378C21FDAC59C00F8C708 = {
			isa = PBXGroup;
			children = (
				224378CD1FDAC59C00F8C708 /* AirPollution */,
				224378E21FDAC59C00F8C708 /* AirPollutionTests */,
				224378ED1FDAC59C00F8C708 /* AirPollutionUITests */,
				224378CC1FDAC59C00F8C708 /* Products */,
				2430D9DBB7F8C195DE18798B /* Pods */,
				8821A27E225D9ADBAEBFBCA8 /* Frameworks */,
			);
			sourceTree = "<group>";
		};
		224378CC1FDAC59C00F8C708 /* Products */ = {
			isa = PBXGroup;
			children = (
				224378CB1FDAC59C00F8C708 /* AirPollution.app */,
				224378DF1FDAC59C00F8C708 /* AirPollutionTests.xctest */,
				224378EA1FDAC59C00F8C708 /* AirPollutionUITests.xctest */,
			);
			name = Products;
			sourceTree = "<group>";
		};
		224378CD1FDAC59C00F8C708 /* AirPollution */ = {
			isa = PBXGroup;
			children = (
				22C3B77C1FDACA7B00FE9919 /* Controller */,
				22C3B77B1FDACA7500FE9919 /* Model */,
				22C3B77A1FDACA7000FE9919 /* View */,
				224378CE1FDAC59C00F8C708 /* AppDelegate.swift */,
				224378D21FDAC59C00F8C708 /* Main.storyboard */,
				224378D51FDAC59C00F8C708 /* Assets.xcassets */,
				224378D71FDAC59C00F8C708 /* LaunchScreen.storyboard */,
				224378DA1FDAC59C00F8C708 /* Info.plist */,
				228740401FE1641900D7B0EA /* station_location_data.txt */,
			);
			path = AirPollution;
			sourceTree = "<group>";
		};
		224378E21FDAC59C00F8C708 /* AirPollutionTests */ = {
			isa = PBXGroup;
			children = (
				224378E31FDAC59C00F8C708 /* AirPollutionTests.swift */,
				224378E51FDAC59C00F8C708 /* Info.plist */,
			);
			path = AirPollutionTests;
			sourceTree = "<group>";
		};
		224378ED1FDAC59C00F8C708 /* AirPollutionUITests */ = {
			isa = PBXGroup;
			children = (
				224378EE1FDAC59C00F8C708 /* AirPollutionUITests.swift */,
				224378F01FDAC59C00F8C708 /* Info.plist */,
			);
			path = AirPollutionUITests;
			sourceTree = "<group>";
		};
		227F04B02010B30B007D58E1 /* Persistence */ = {
			isa = PBXGroup;
			children = (
				2215E6C22010B65200AC43E9 /* UserAirData+CoreDataClass.swift */,
				2215E6C02010B64F00AC43E9 /* UserAirData+CoreDataProperties.swift */,
				227F04AD2010A46A007D58E1 /* Model.xcdatamodeld */,
				227F04B12010B34F007D58E1 /* CoreDataStack.swift */,
			);
			path = Persistence;
			sourceTree = "<group>";
		};
		22C3B77A1FDACA7000FE9919 /* View */ = {
			isa = PBXGroup;
			children = (
				22B876361FE03C8200AFE4DD /* AirDataAnnotationView.swift */,
				223F8BEC1FE2939600752BF2 /* DepartureTableViewCell.swift */,
			);
			path = View;
			sourceTree = "<group>";
		};
		22C3B77B1FDACA7500FE9919 /* Model */ = {
			isa = PBXGroup;
			children = (
				227F04B02010B30B007D58E1 /* Persistence */,
				223F8BE91FE2812B00752BF2 /* Annotation */,
				22C3B77F1FDAD29900FE9919 /* Client */,
				22C3B7801FDAD2EE00FE9919 /* SensorData.swift */,
				22C3B7821FDAD34200FE9919 /* AirData.swift */,
				2287403A1FE13EBF00D7B0EA /* Station.swift */,
				223F8BE51FE2743800752BF2 /* Departure.swift */,
			);
			path = Model;
			sourceTree = "<group>";
		};
		22C3B77C1FDACA7B00FE9919 /* Controller */ = {
			isa = PBXGroup;
			children = (
				224378D01FDAC59C00F8C708 /* ViewController.swift */,
				223F8BE71FE27FB400752BF2 /* DeparturesViewController.swift */,
				2234A7FE1FE7D58E00730412 /* PollutionDetailViewController.swift */,
			);
			path = Controller;
			sourceTree = "<group>";
		};
		22C3B77F1FDAD29900FE9919 /* Client */ = {
			isa = PBXGroup;
			children = (
				22C3B77D1FDACAB200FE9919 /* AirDataClient.swift */,
				228740381FE13E7100D7B0EA /* VVSClient.swift */,
			);
			path = Client;
			sourceTree = "<group>";
		};
		2430D9DBB7F8C195DE18798B /* Pods */ = {
			isa = PBXGroup;
			children = (
				F0402023F52E45DDD523AF9D /* Pods-AirPollution.debug.xcconfig */,
				546A030E3E755D02309C6941 /* Pods-AirPollution.release.xcconfig */,
				33B825CE9650064C77611146 /* Pods-AirPollutionTests.debug.xcconfig */,
				DFAF28625059477432A7A794 /* Pods-AirPollutionTests.release.xcconfig */,
				B18E216B77E5D32C5C793BBF /* Pods-AirPollutionUITests.debug.xcconfig */,
				7BD2CDE66E06F0792077ECC9 /* Pods-AirPollutionUITests.release.xcconfig */,
			);
			name = Pods;
			sourceTree = "<group>";
		};
		8821A27E225D9ADBAEBFBCA8 /* Frameworks */ = {
			isa = PBXGroup;
			children = (
				E7FBE8340CB5213130E65EEB /* Pods_AirPollution.framework */,
				B07FDB5A04A4AB16953BC4F4 /* Pods_AirPollutionTests.framework */,
				7909568D3B9EE577ABB997D7 /* Pods_AirPollutionUITests.framework */,
			);
			name = Frameworks;
			sourceTree = "<group>";
		};
/* End PBXGroup section */

/* Begin PBXNativeTarget section */
		224378CA1FDAC59C00F8C708 /* AirPollution */ = {
			isa = PBXNativeTarget;
			buildConfigurationList = 224378F31FDAC59C00F8C708 /* Build configuration list for PBXNativeTarget "AirPollution" */;
			buildPhases = (
				97D77C048540DD3C675781B5 /* [CP] Check Pods Manifest.lock */,
				224378C71FDAC59C00F8C708 /* Sources */,
				224378C81FDAC59C00F8C708 /* Frameworks */,
				224378C91FDAC59C00F8C708 /* Resources */,
				09BC4CD33E7C8062F0224A77 /* [CP] Embed Pods Frameworks */,
				209203947F1FB33F68DA73ED /* [CP] Copy Pods Resources */,
			);
			buildRules = (
			);
			dependencies = (
			);
			name = AirPollution;
			productName = AirPollution;
			productReference = 224378CB1FDAC59C00F8C708 /* AirPollution.app */;
			productType = "com.apple.product-type.application";
		};
		224378DE1FDAC59C00F8C708 /* AirPollutionTests */ = {
			isa = PBXNativeTarget;
			buildConfigurationList = 224378F61FDAC59C00F8C708 /* Build configuration list for PBXNativeTarget "AirPollutionTests" */;
			buildPhases = (
				702E0BECD3F4EFC6FF89BA52 /* [CP] Check Pods Manifest.lock */,
				224378DB1FDAC59C00F8C708 /* Sources */,
				224378DC1FDAC59C00F8C708 /* Frameworks */,
				224378DD1FDAC59C00F8C708 /* Resources */,
				501075377BE4A8553B9E003B /* [CP] Embed Pods Frameworks */,
				F97974CC6E96C5C83EBBE3BF /* [CP] Copy Pods Resources */,
			);
			buildRules = (
			);
			dependencies = (
				224378E11FDAC59C00F8C708 /* PBXTargetDependency */,
			);
			name = AirPollutionTests;
			productName = AirPollutionTests;
			productReference = 224378DF1FDAC59C00F8C708 /* AirPollutionTests.xctest */;
			productType = "com.apple.product-type.bundle.unit-test";
		};
		224378E91FDAC59C00F8C708 /* AirPollutionUITests */ = {
			isa = PBXNativeTarget;
			buildConfigurationList = 224378F91FDAC59C00F8C708 /* Build configuration list for PBXNativeTarget "AirPollutionUITests" */;
			buildPhases = (
				3F28C3CF0A3587D2F8F758A7 /* [CP] Check Pods Manifest.lock */,
				224378E61FDAC59C00F8C708 /* Sources */,
				224378E71FDAC59C00F8C708 /* Frameworks */,
				224378E81FDAC59C00F8C708 /* Resources */,
				AD4AF70A84AA76CFBEA2AC36 /* [CP] Embed Pods Frameworks */,
				507CD00392D4209BAA83BBEE /* [CP] Copy Pods Resources */,
			);
			buildRules = (
			);
			dependencies = (
				224378EC1FDAC59C00F8C708 /* PBXTargetDependency */,
			);
			name = AirPollutionUITests;
			productName = AirPollutionUITests;
			productReference = 224378EA1FDAC59C00F8C708 /* AirPollutionUITests.xctest */;
			productType = "com.apple.product-type.bundle.ui-testing";
		};
/* End PBXNativeTarget section */

/* Begin PBXProject section */
		224378C31FDAC59C00F8C708 /* Project object */ = {
			isa = PBXProject;
			attributes = {
				LastSwiftUpdateCheck = 0920;
				LastUpgradeCheck = 0920;
				ORGANIZATIONNAME = zigzag;
				TargetAttributes = {
					224378CA1FDAC59C00F8C708 = {
						CreatedOnToolsVersion = 9.2;
						ProvisioningStyle = Automatic;
						SystemCapabilities = {
							com.apple.BackgroundModes = {
								enabled = 1;
							};
						};
					};
					224378DE1FDAC59C00F8C708 = {
						CreatedOnToolsVersion = 9.2;
						ProvisioningStyle = Automatic;
						TestTargetID = 224378CA1FDAC59C00F8C708;
					};
					224378E91FDAC59C00F8C708 = {
						CreatedOnToolsVersion = 9.2;
						ProvisioningStyle = Automatic;
						TestTargetID = 224378CA1FDAC59C00F8C708;
					};
				};
			};
			buildConfigurationList = 224378C61FDAC59C00F8C708 /* Build configuration list for PBXProject "AirPollution" */;
			compatibilityVersion = "Xcode 8.0";
			developmentRegion = en;
			hasScannedForEncodings = 0;
			knownRegions = (
				en,
				Base,
			);
			mainGroup = 224378C21FDAC59C00F8C708;
			productRefGroup = 224378CC1FDAC59C00F8C708 /* Products */;
			projectDirPath = "";
			projectRoot = "";
			targets = (
				224378CA1FDAC59C00F8C708 /* AirPollution */,
				224378DE1FDAC59C00F8C708 /* AirPollutionTests */,
				224378E91FDAC59C00F8C708 /* AirPollutionUITests */,
			);
		};
/* End PBXProject section */

/* Begin PBXResourcesBuildPhase section */
		224378C91FDAC59C00F8C708 /* Resources */ = {
			isa = PBXResourcesBuildPhase;
			buildActionMask = 2147483647;
			files = (
				224378D91FDAC59C00F8C708 /* LaunchScreen.storyboard in Resources */,
				224378D61FDAC59C00F8C708 /* Assets.xcassets in Resources */,
				228740411FE1641900D7B0EA /* station_location_data.txt in Resources */,
				224378D41FDAC59C00F8C708 /* Main.storyboard in Resources */,
			);
			runOnlyForDeploymentPostprocessing = 0;
		};
		224378DD1FDAC59C00F8C708 /* Resources */ = {
			isa = PBXResourcesBuildPhase;
			buildActionMask = 2147483647;
			files = (
			);
			runOnlyForDeploymentPostprocessing = 0;
		};
		224378E81FDAC59C00F8C708 /* Resources */ = {
			isa = PBXResourcesBuildPhase;
			buildActionMask = 2147483647;
			files = (
			);
			runOnlyForDeploymentPostprocessing = 0;
		};
/* End PBXResourcesBuildPhase section */

/* Begin PBXShellScriptBuildPhase section */
		09BC4CD33E7C8062F0224A77 /* [CP] Embed Pods Frameworks */ = {
			isa = PBXShellScriptBuildPhase;
			buildActionMask = 2147483647;
			files = (
			);
			inputPaths = (
				"${SRCROOT}/Pods/Target Support Files/Pods-AirPollution/Pods-AirPollution-frameworks.sh",
				"${BUILT_PRODUCTS_DIR}/Alamofire/Alamofire.framework",
				"${BUILT_PRODUCTS_DIR}/AlamofireImage/AlamofireImage.framework",
			);
			name = "[CP] Embed Pods Frameworks";
			outputPaths = (
				"${TARGET_BUILD_DIR}/${FRAMEWORKS_FOLDER_PATH}/Alamofire.framework",
				"${TARGET_BUILD_DIR}/${FRAMEWORKS_FOLDER_PATH}/AlamofireImage.framework",
			);
			runOnlyForDeploymentPostprocessing = 0;
			shellPath = /bin/sh;
			shellScript = "\"${SRCROOT}/Pods/Target Support Files/Pods-AirPollution/Pods-AirPollution-frameworks.sh\"\n";
			showEnvVarsInLog = 0;
		};
		209203947F1FB33F68DA73ED /* [CP] Copy Pods Resources */ = {
			isa = PBXShellScriptBuildPhase;
			buildActionMask = 2147483647;
			files = (
			);
			inputPaths = (
			);
			name = "[CP] Copy Pods Resources";
			outputPaths = (
			);
			runOnlyForDeploymentPostprocessing = 0;
			shellPath = /bin/sh;
			shellScript = "\"${SRCROOT}/Pods/Target Support Files/Pods-AirPollution/Pods-AirPollution-resources.sh\"\n";
			showEnvVarsInLog = 0;
		};
		3F28C3CF0A3587D2F8F758A7 /* [CP] Check Pods Manifest.lock */ = {
			isa = PBXShellScriptBuildPhase;
			buildActionMask = 2147483647;
			files = (
			);
			inputPaths = (
				"${PODS_PODFILE_DIR_PATH}/Podfile.lock",
				"${PODS_ROOT}/Manifest.lock",
			);
			name = "[CP] Check Pods Manifest.lock";
			outputPaths = (
				"$(DERIVED_FILE_DIR)/Pods-AirPollutionUITests-checkManifestLockResult.txt",
			);
			runOnlyForDeploymentPostprocessing = 0;
			shellPath = /bin/sh;
			shellScript = "diff \"${PODS_PODFILE_DIR_PATH}/Podfile.lock\" \"${PODS_ROOT}/Manifest.lock\" > /dev/null\nif [ $? != 0 ] ; then\n    # print error to STDERR\n    echo \"error: The sandbox is not in sync with the Podfile.lock. Run 'pod install' or update your CocoaPods installation.\" >&2\n    exit 1\nfi\n# This output is used by Xcode 'outputs' to avoid re-running this script phase.\necho \"SUCCESS\" > \"${SCRIPT_OUTPUT_FILE_0}\"\n";
			showEnvVarsInLog = 0;
		};
		501075377BE4A8553B9E003B /* [CP] Embed Pods Frameworks */ = {
			isa = PBXShellScriptBuildPhase;
			buildActionMask = 2147483647;
			files = (
			);
			inputPaths = (
			);
			name = "[CP] Embed Pods Frameworks";
			outputPaths = (
			);
			runOnlyForDeploymentPostprocessing = 0;
			shellPath = /bin/sh;
			shellScript = "\"${SRCROOT}/Pods/Target Support Files/Pods-AirPollutionTests/Pods-AirPollutionTests-frameworks.sh\"\n";
			showEnvVarsInLog = 0;
		};
		507CD00392D4209BAA83BBEE /* [CP] Copy Pods Resources */ = {
			isa = PBXShellScriptBuildPhase;
			buildActionMask = 2147483647;
			files = (
			);
			inputPaths = (
			);
			name = "[CP] Copy Pods Resources";
			outputPaths = (
			);
			runOnlyForDeploymentPostprocessing = 0;
			shellPath = /bin/sh;
			shellScript = "\"${SRCROOT}/Pods/Target Support Files/Pods-AirPollutionUITests/Pods-AirPollutionUITests-resources.sh\"\n";
			showEnvVarsInLog = 0;
		};
		702E0BECD3F4EFC6FF89BA52 /* [CP] Check Pods Manifest.lock */ = {
			isa = PBXShellScriptBuildPhase;
			buildActionMask = 2147483647;
			files = (
			);
			inputPaths = (
				"${PODS_PODFILE_DIR_PATH}/Podfile.lock",
				"${PODS_ROOT}/Manifest.lock",
			);
			name = "[CP] Check Pods Manifest.lock";
			outputPaths = (
				"$(DERIVED_FILE_DIR)/Pods-AirPollutionTests-checkManifestLockResult.txt",
			);
			runOnlyForDeploymentPostprocessing = 0;
			shellPath = /bin/sh;
			shellScript = "diff \"${PODS_PODFILE_DIR_PATH}/Podfile.lock\" \"${PODS_ROOT}/Manifest.lock\" > /dev/null\nif [ $? != 0 ] ; then\n    # print error to STDERR\n    echo \"error: The sandbox is not in sync with the Podfile.lock. Run 'pod install' or update your CocoaPods installation.\" >&2\n    exit 1\nfi\n# This output is used by Xcode 'outputs' to avoid re-running this script phase.\necho \"SUCCESS\" > \"${SCRIPT_OUTPUT_FILE_0}\"\n";
			showEnvVarsInLog = 0;
		};
		97D77C048540DD3C675781B5 /* [CP] Check Pods Manifest.lock */ = {
			isa = PBXShellScriptBuildPhase;
			buildActionMask = 2147483647;
			files = (
			);
			inputPaths = (
				"${PODS_PODFILE_DIR_PATH}/Podfile.lock",
				"${PODS_ROOT}/Manifest.lock",
			);
			name = "[CP] Check Pods Manifest.lock";
			outputPaths = (
				"$(DERIVED_FILE_DIR)/Pods-AirPollution-checkManifestLockResult.txt",
			);
			runOnlyForDeploymentPostprocessing = 0;
			shellPath = /bin/sh;
			shellScript = "diff \"${PODS_PODFILE_DIR_PATH}/Podfile.lock\" \"${PODS_ROOT}/Manifest.lock\" > /dev/null\nif [ $? != 0 ] ; then\n    # print error to STDERR\n    echo \"error: The sandbox is not in sync with the Podfile.lock. Run 'pod install' or update your CocoaPods installation.\" >&2\n    exit 1\nfi\n# This output is used by Xcode 'outputs' to avoid re-running this script phase.\necho \"SUCCESS\" > \"${SCRIPT_OUTPUT_FILE_0}\"\n";
			showEnvVarsInLog = 0;
		};
		AD4AF70A84AA76CFBEA2AC36 /* [CP] Embed Pods Frameworks */ = {
			isa = PBXShellScriptBuildPhase;
			buildActionMask = 2147483647;
			files = (
			);
			inputPaths = (
			);
			name = "[CP] Embed Pods Frameworks";
			outputPaths = (
			);
			runOnlyForDeploymentPostprocessing = 0;
			shellPath = /bin/sh;
			shellScript = "\"${SRCROOT}/Pods/Target Support Files/Pods-AirPollutionUITests/Pods-AirPollutionUITests-frameworks.sh\"\n";
			showEnvVarsInLog = 0;
		};
		F97974CC6E96C5C83EBBE3BF /* [CP] Copy Pods Resources */ = {
			isa = PBXShellScriptBuildPhase;
			buildActionMask = 2147483647;
			files = (
			);
			inputPaths = (
			);
			name = "[CP] Copy Pods Resources";
			outputPaths = (
			);
			runOnlyForDeploymentPostprocessing = 0;
			shellPath = /bin/sh;
			shellScript = "\"${SRCROOT}/Pods/Target Support Files/Pods-AirPollutionTests/Pods-AirPollutionTests-resources.sh\"\n";
			showEnvVarsInLog = 0;
		};
/* End PBXShellScriptBuildPhase section */

/* Begin PBXSourcesBuildPhase section */
		224378C71FDAC59C00F8C708 /* Sources */ = {
			isa = PBXSourcesBuildPhase;
			buildActionMask = 2147483647;
			files = (
				224378D11FDAC59C00F8C708 /* ViewController.swift in Sources */,
				22C3B7831FDAD34200FE9919 /* AirData.swift in Sources */,
				22B876371FE03C8200AFE4DD /* AirDataAnnotationView.swift in Sources */,
				224378CF1FDAC59C00F8C708 /* AppDelegate.swift in Sources */,
				2234A7FF1FE7D58E00730412 /* PollutionDetailViewController.swift in Sources */,
				2215E6C12010B64F00AC43E9 /* UserAirData+CoreDataProperties.swift in Sources */,
				223F8BE61FE2743800752BF2 /* Departure.swift in Sources */,
				22C3B77E1FDACAB200FE9919 /* AirDataClient.swift in Sources */,
				227F04B22010B34F007D58E1 /* CoreDataStack.swift in Sources */,
				2287403B1FE13EBF00D7B0EA /* Station.swift in Sources */,
				223F8BEB1FE2816800752BF2 /* StationAnnotation.swift in Sources */,
				22B876351FE03C4E00AFE4DD /* AirDataAnnotation.swift in Sources */,
				227F04AF2010A46A007D58E1 /* Model.xcdatamodeld in Sources */,
				2215E6C32010B65200AC43E9 /* UserAirData+CoreDataClass.swift in Sources */,
				228740391FE13E7100D7B0EA /* VVSClient.swift in Sources */,
				22C3B7811FDAD2EE00FE9919 /* SensorData.swift in Sources */,
				223F8BED1FE2939600752BF2 /* DepartureTableViewCell.swift in Sources */,
				223F8BE81FE27FB400752BF2 /* DeparturesViewController.swift in Sources */,
			);
			runOnlyForDeploymentPostprocessing = 0;
		};
		224378DB1FDAC59C00F8C708 /* Sources */ = {
			isa = PBXSourcesBuildPhase;
			buildActionMask = 2147483647;
			files = (
				224378E41FDAC59C00F8C708 /* AirPollutionTests.swift in Sources */,
			);
			runOnlyForDeploymentPostprocessing = 0;
		};
		224378E61FDAC59C00F8C708 /* Sources */ = {
			isa = PBXSourcesBuildPhase;
			buildActionMask = 2147483647;
			files = (
				224378EF1FDAC59C00F8C708 /* AirPollutionUITests.swift in Sources */,
			);
			runOnlyForDeploymentPostprocessing = 0;
		};
/* End PBXSourcesBuildPhase section */

/* Begin PBXTargetDependency section */
		224378E11FDAC59C00F8C708 /* PBXTargetDependency */ = {
			isa = PBXTargetDependency;
			target = 224378CA1FDAC59C00F8C708 /* AirPollution */;
			targetProxy = 224378E01FDAC59C00F8C708 /* PBXContainerItemProxy */;
		};
		224378EC1FDAC59C00F8C708 /* PBXTargetDependency */ = {
			isa = PBXTargetDependency;
			target = 224378CA1FDAC59C00F8C708 /* AirPollution */;
			targetProxy = 224378EB1FDAC59C00F8C708 /* PBXContainerItemProxy */;
		};
/* End PBXTargetDependency section */

/* Begin PBXVariantGroup section */
		224378D21FDAC59C00F8C708 /* Main.storyboard */ = {
			isa = PBXVariantGroup;
			children = (
				224378D31FDAC59C00F8C708 /* Base */,
			);
			name = Main.storyboard;
			sourceTree = "<group>";
		};
		224378D71FDAC59C00F8C708 /* LaunchScreen.storyboard */ = {
			isa = PBXVariantGroup;
			children = (
				224378D81FDAC59C00F8C708 /* Base */,
			);
			name = LaunchScreen.storyboard;
			sourceTree = "<group>";
		};
/* End PBXVariantGroup section */

/* Begin XCBuildConfiguration section */
		224378F11FDAC59C00F8C708 /* Debug */ = {
			isa = XCBuildConfiguration;
			buildSettings = {
				ALWAYS_SEARCH_USER_PATHS = NO;
				CLANG_ANALYZER_NONNULL = YES;
				CLANG_ANALYZER_NUMBER_OBJECT_CONVERSION = YES_AGGRESSIVE;
				CLANG_CXX_LANGUAGE_STANDARD = "gnu++14";
				CLANG_CXX_LIBRARY = "libc++";
				CLANG_ENABLE_MODULES = YES;
				CLANG_ENABLE_OBJC_ARC = YES;
				CLANG_WARN_BLOCK_CAPTURE_AUTORELEASING = YES;
				CLANG_WARN_BOOL_CONVERSION = YES;
				CLANG_WARN_COMMA = YES;
				CLANG_WARN_CONSTANT_CONVERSION = YES;
				CLANG_WARN_DIRECT_OBJC_ISA_USAGE = YES_ERROR;
				CLANG_WARN_DOCUMENTATION_COMMENTS = YES;
				CLANG_WARN_EMPTY_BODY = YES;
				CLANG_WARN_ENUM_CONVERSION = YES;
				CLANG_WARN_INFINITE_RECURSION = YES;
				CLANG_WARN_INT_CONVERSION = YES;
				CLANG_WARN_NON_LITERAL_NULL_CONVERSION = YES;
				CLANG_WARN_OBJC_LITERAL_CONVERSION = YES;
				CLANG_WARN_OBJC_ROOT_CLASS = YES_ERROR;
				CLANG_WARN_RANGE_LOOP_ANALYSIS = YES;
				CLANG_WARN_STRICT_PROTOTYPES = YES;
				CLANG_WARN_SUSPICIOUS_MOVE = YES;
				CLANG_WARN_UNGUARDED_AVAILABILITY = YES_AGGRESSIVE;
				CLANG_WARN_UNREACHABLE_CODE = YES;
				CLANG_WARN__DUPLICATE_METHOD_MATCH = YES;
				CODE_SIGN_IDENTITY = "iPhone Developer";
				COPY_PHASE_STRIP = NO;
				DEBUG_INFORMATION_FORMAT = dwarf;
				ENABLE_STRICT_OBJC_MSGSEND = YES;
				ENABLE_TESTABILITY = YES;
				GCC_C_LANGUAGE_STANDARD = gnu11;
				GCC_DYNAMIC_NO_PIC = NO;
				GCC_NO_COMMON_BLOCKS = YES;
				GCC_OPTIMIZATION_LEVEL = 0;
				GCC_PREPROCESSOR_DEFINITIONS = (
					"DEBUG=1",
					"$(inherited)",
				);
				GCC_WARN_64_TO_32_BIT_CONVERSION = YES;
				GCC_WARN_ABOUT_RETURN_TYPE = YES_ERROR;
				GCC_WARN_UNDECLARED_SELECTOR = YES;
				GCC_WARN_UNINITIALIZED_AUTOS = YES_AGGRESSIVE;
				GCC_WARN_UNUSED_FUNCTION = YES;
				GCC_WARN_UNUSED_VARIABLE = YES;
				IPHONEOS_DEPLOYMENT_TARGET = 11.2;
				MTL_ENABLE_DEBUG_INFO = YES;
				ONLY_ACTIVE_ARCH = YES;
				SDKROOT = iphoneos;
				SWIFT_ACTIVE_COMPILATION_CONDITIONS = DEBUG;
				SWIFT_OPTIMIZATION_LEVEL = "-Onone";
			};
			name = Debug;
		};
		224378F21FDAC59C00F8C708 /* Release */ = {
			isa = XCBuildConfiguration;
			buildSettings = {
				ALWAYS_SEARCH_USER_PATHS = NO;
				CLANG_ANALYZER_NONNULL = YES;
				CLANG_ANALYZER_NUMBER_OBJECT_CONVERSION = YES_AGGRESSIVE;
				CLANG_CXX_LANGUAGE_STANDARD = "gnu++14";
				CLANG_CXX_LIBRARY = "libc++";
				CLANG_ENABLE_MODULES = YES;
				CLANG_ENABLE_OBJC_ARC = YES;
				CLANG_WARN_BLOCK_CAPTURE_AUTORELEASING = YES;
				CLANG_WARN_BOOL_CONVERSION = YES;
				CLANG_WARN_COMMA = YES;
				CLANG_WARN_CONSTANT_CONVERSION = YES;
				CLANG_WARN_DIRECT_OBJC_ISA_USAGE = YES_ERROR;
				CLANG_WARN_DOCUMENTATION_COMMENTS = YES;
				CLANG_WARN_EMPTY_BODY = YES;
				CLANG_WARN_ENUM_CONVERSION = YES;
				CLANG_WARN_INFINITE_RECURSION = YES;
				CLANG_WARN_INT_CONVERSION = YES;
				CLANG_WARN_NON_LITERAL_NULL_CONVERSION = YES;
				CLANG_WARN_OBJC_LITERAL_CONVERSION = YES;
				CLANG_WARN_OBJC_ROOT_CLASS = YES_ERROR;
				CLANG_WARN_RANGE_LOOP_ANALYSIS = YES;
				CLANG_WARN_STRICT_PROTOTYPES = YES;
				CLANG_WARN_SUSPICIOUS_MOVE = YES;
				CLANG_WARN_UNGUARDED_AVAILABILITY = YES_AGGRESSIVE;
				CLANG_WARN_UNREACHABLE_CODE = YES;
				CLANG_WARN__DUPLICATE_METHOD_MATCH = YES;
				CODE_SIGN_IDENTITY = "iPhone Developer";
				COPY_PHASE_STRIP = NO;
				DEBUG_INFORMATION_FORMAT = "dwarf-with-dsym";
				ENABLE_NS_ASSERTIONS = NO;
				ENABLE_STRICT_OBJC_MSGSEND = YES;
				GCC_C_LANGUAGE_STANDARD = gnu11;
				GCC_NO_COMMON_BLOCKS = YES;
				GCC_WARN_64_TO_32_BIT_CONVERSION = YES;
				GCC_WARN_ABOUT_RETURN_TYPE = YES_ERROR;
				GCC_WARN_UNDECLARED_SELECTOR = YES;
				GCC_WARN_UNINITIALIZED_AUTOS = YES_AGGRESSIVE;
				GCC_WARN_UNUSED_FUNCTION = YES;
				GCC_WARN_UNUSED_VARIABLE = YES;
				IPHONEOS_DEPLOYMENT_TARGET = 11.2;
				MTL_ENABLE_DEBUG_INFO = NO;
				SDKROOT = iphoneos;
				SWIFT_OPTIMIZATION_LEVEL = "-Owholemodule";
				VALIDATE_PRODUCT = YES;
			};
			name = Release;
		};
		224378F41FDAC59C00F8C708 /* Debug */ = {
			isa = XCBuildConfiguration;
			baseConfigurationReference = F0402023F52E45DDD523AF9D /* Pods-AirPollution.debug.xcconfig */;
			buildSettings = {
				ASSETCATALOG_COMPILER_APPICON_NAME = AppIcon;
				CODE_SIGN_STYLE = Automatic;
				INFOPLIST_FILE = AirPollution/Info.plist;
				LD_RUNPATH_SEARCH_PATHS = "$(inherited) @executable_path/Frameworks";
				PRODUCT_BUNDLE_IDENTIFIER = zigzag.AirPollution;
				PRODUCT_NAME = "$(TARGET_NAME)";
				SWIFT_VERSION = 4.0;
				TARGETED_DEVICE_FAMILY = "1,2";
			};
			name = Debug;
		};
		224378F51FDAC59C00F8C708 /* Release */ = {
			isa = XCBuildConfiguration;
			baseConfigurationReference = 546A030E3E755D02309C6941 /* Pods-AirPollution.release.xcconfig */;
			buildSettings = {
				ASSETCATALOG_COMPILER_APPICON_NAME = AppIcon;
				CODE_SIGN_STYLE = Automatic;
				INFOPLIST_FILE = AirPollution/Info.plist;
				LD_RUNPATH_SEARCH_PATHS = "$(inherited) @executable_path/Frameworks";
				PRODUCT_BUNDLE_IDENTIFIER = zigzag.AirPollution;
				PRODUCT_NAME = "$(TARGET_NAME)";
				SWIFT_VERSION = 4.0;
				TARGETED_DEVICE_FAMILY = "1,2";
			};
			name = Release;
		};
		224378F71FDAC59C00F8C708 /* Debug */ = {
			isa = XCBuildConfiguration;
			baseConfigurationReference = 33B825CE9650064C77611146 /* Pods-AirPollutionTests.debug.xcconfig */;
			buildSettings = {
				ALWAYS_EMBED_SWIFT_STANDARD_LIBRARIES = YES;
				BUNDLE_LOADER = "$(TEST_HOST)";
				CODE_SIGN_STYLE = Automatic;
				INFOPLIST_FILE = AirPollutionTests/Info.plist;
				LD_RUNPATH_SEARCH_PATHS = "$(inherited) @executable_path/Frameworks @loader_path/Frameworks";
				PRODUCT_BUNDLE_IDENTIFIER = zigzag.AirPollutionTests;
				PRODUCT_NAME = "$(TARGET_NAME)";
				SWIFT_VERSION = 4.0;
				TARGETED_DEVICE_FAMILY = "1,2";
				TEST_HOST = "$(BUILT_PRODUCTS_DIR)/AirPollution.app/AirPollution";
			};
			name = Debug;
		};
		224378F81FDAC59C00F8C708 /* Release */ = {
			isa = XCBuildConfiguration;
			baseConfigurationReference = DFAF28625059477432A7A794 /* Pods-AirPollutionTests.release.xcconfig */;
			buildSettings = {
				ALWAYS_EMBED_SWIFT_STANDARD_LIBRARIES = YES;
				BUNDLE_LOADER = "$(TEST_HOST)";
				CODE_SIGN_STYLE = Automatic;
				INFOPLIST_FILE = AirPollutionTests/Info.plist;
				LD_RUNPATH_SEARCH_PATHS = "$(inherited) @executable_path/Frameworks @loader_path/Frameworks";
				PRODUCT_BUNDLE_IDENTIFIER = zigzag.AirPollutionTests;
				PRODUCT_NAME = "$(TARGET_NAME)";
				SWIFT_VERSION = 4.0;
				TARGETED_DEVICE_FAMILY = "1,2";
				TEST_HOST = "$(BUILT_PRODUCTS_DIR)/AirPollution.app/AirPollution";
			};
			name = Release;
		};
		224378FA1FDAC59C00F8C708 /* Debug */ = {
			isa = XCBuildConfiguration;
			baseConfigurationReference = B18E216B77E5D32C5C793BBF /* Pods-AirPollutionUITests.debug.xcconfig */;
			buildSettings = {
				ALWAYS_EMBED_SWIFT_STANDARD_LIBRARIES = YES;
				CODE_SIGN_STYLE = Automatic;
				INFOPLIST_FILE = AirPollutionUITests/Info.plist;
				LD_RUNPATH_SEARCH_PATHS = "$(inherited) @executable_path/Frameworks @loader_path/Frameworks";
				PRODUCT_BUNDLE_IDENTIFIER = zigzag.AirPollutionUITests;
				PRODUCT_NAME = "$(TARGET_NAME)";
				SWIFT_VERSION = 4.0;
				TARGETED_DEVICE_FAMILY = "1,2";
				TEST_TARGET_NAME = AirPollution;
			};
			name = Debug;
		};
		224378FB1FDAC59C00F8C708 /* Release */ = {
			isa = XCBuildConfiguration;
			baseConfigurationReference = 7BD2CDE66E06F0792077ECC9 /* Pods-AirPollutionUITests.release.xcconfig */;
			buildSettings = {
				ALWAYS_EMBED_SWIFT_STANDARD_LIBRARIES = YES;
				CODE_SIGN_STYLE = Automatic;
				INFOPLIST_FILE = AirPollutionUITests/Info.plist;
				LD_RUNPATH_SEARCH_PATHS = "$(inherited) @executable_path/Frameworks @loader_path/Frameworks";
				PRODUCT_BUNDLE_IDENTIFIER = zigzag.AirPollutionUITests;
				PRODUCT_NAME = "$(TARGET_NAME)";
				SWIFT_VERSION = 4.0;
				TARGETED_DEVICE_FAMILY = "1,2";
				TEST_TARGET_NAME = AirPollution;
			};
			name = Release;
		};
/* End XCBuildConfiguration section */

/* Begin XCConfigurationList section */
		224378C61FDAC59C00F8C708 /* Build configuration list for PBXProject "AirPollution" */ = {
			isa = XCConfigurationList;
			buildConfigurations = (
				224378F11FDAC59C00F8C708 /* Debug */,
				224378F21FDAC59C00F8C708 /* Release */,
			);
			defaultConfigurationIsVisible = 0;
			defaultConfigurationName = Release;
		};
		224378F31FDAC59C00F8C708 /* Build configuration list for PBXNativeTarget "AirPollution" */ = {
			isa = XCConfigurationList;
			buildConfigurations = (
				224378F41FDAC59C00F8C708 /* Debug */,
				224378F51FDAC59C00F8C708 /* Release */,
			);
			defaultConfigurationIsVisible = 0;
			defaultConfigurationName = Release;
		};
		224378F61FDAC59C00F8C708 /* Build configuration list for PBXNativeTarget "AirPollutionTests" */ = {
			isa = XCConfigurationList;
			buildConfigurations = (
				224378F71FDAC59C00F8C708 /* Debug */,
				224378F81FDAC59C00F8C708 /* Release */,
			);
			defaultConfigurationIsVisible = 0;
			defaultConfigurationName = Release;
		};
		224378F91FDAC59C00F8C708 /* Build configuration list for PBXNativeTarget "AirPollutionUITests" */ = {
			isa = XCConfigurationList;
			buildConfigurations = (
				224378FA1FDAC59C00F8C708 /* Debug */,
				224378FB1FDAC59C00F8C708 /* Release */,
			);
			defaultConfigurationIsVisible = 0;
			defaultConfigurationName = Release;
		};
/* End XCConfigurationList section */

/* Begin XCVersionGroup section */
		227F04AD2010A46A007D58E1 /* Model.xcdatamodeld */ = {
			isa = XCVersionGroup;
			children = (
				227F04AE2010A46A007D58E1 /* Model.xcdatamodel */,
			);
			currentVersion = 227F04AE2010A46A007D58E1 /* Model.xcdatamodel */;
			path = Model.xcdatamodeld;
			sourceTree = "<group>";
			versionGroupType = wrapper.xcdatamodel;
		};
/* End XCVersionGroup section */
	};
	rootObject = 224378C31FDAC59C00F8C708 /* Project object */;
}
